
Microsoft Visual Studio Solution File, Format Version 12.00
# Visual Studio Version 17
VisualStudioVersion = 17.5.002.0
MinimumVisualStudioVersion = 10.0.40219.1
Project("{2150E333-8FDC-42A3-9474-1A3956D46DE8}") = "programacao-orientada-a-objetos", "programacao-orientada-a-objetos", "{A5E1BCD5-F0A3-4CF6-B1C2-E67857A7CAB3}"
EndProject
Project("{2150E333-8FDC-42A3-9474-1A3956D46DE8}") = "introducao-C#", "introducao-C#", "{518447CC-601E-4546-B933-694F9D901BFC}"
EndProject
Project("{9A19103F-16F7-4668-BE54-9A1E7A4F7556}") = "exemploDeHeranca", "programacao-orientada-a-objetos\introducao-C#\exemploDeHeranca\exemploDeHeranca.csproj", "{B1B610CB-289E-41CA-B8E2-6696316A2875}"
EndProject
Global
	GlobalSection(SolutionConfigurationPlatforms) = preSolution
		Debug|Any CPU = Debug|Any CPU
		Release|Any CPU = Release|Any CPU
	EndGlobalSection
	GlobalSection(ProjectConfigurationPlatforms) = postSolution
		{B1B610CB-289E-41CA-B8E2-6696316A2875}.Debug|Any CPU.ActiveCfg = Debug|Any CPU
		{B1B610CB-289E-41CA-B8E2-6696316A2875}.Debug|Any CPU.Build.0 = Debug|Any CPU
		{B1B610CB-289E-41CA-B8E2-6696316A2875}.Release|Any CPU.ActiveCfg = Release|Any CPU
		{B1B610CB-289E-41CA-B8E2-6696316A2875}.Release|Any CPU.Build.0 = Release|Any CPU
	EndGlobalSection
	GlobalSection(SolutionProperties) = preSolution
		HideSolutionNode = FALSE
	EndGlobalSection
	GlobalSection(NestedProjects) = preSolution
		{518447CC-601E-4546-B933-694F9D901BFC} = {A5E1BCD5-F0A3-4CF6-B1C2-E67857A7CAB3}
		{B1B610CB-289E-41CA-B8E2-6696316A2875} = {518447CC-601E-4546-B933-694F9D901BFC}
	EndGlobalSection
	GlobalSection(ExtensibilityGlobals) = postSolution
		SolutionGuid = {53D38EC1-D95A-4F52-986B-EAE4AEDDC40D}
	EndGlobalSection
EndGlobal
